
Microsoft Visual Studio Solution File, Format Version 12.00
# Visual Studio Version 17
VisualStudioVersion = 17.9.34622.214
MinimumVisualStudioVersion = 10.0.40219.1
Project("{FAE04EC0-301F-11D3-BF4B-00C04F79EFBC}") = "Ecommerce_Backend.Api", "ecommerce_backend\Ecommerce_Backend.Api.csproj", "{126F86B1-A423-4C8C-81DD-E10CF869BB99}"
EndProject
Project("{FAE04EC0-301F-11D3-BF4B-00C04F79EFBC}") = "Ecommerce_Backend.Core", "Ecommerce_Backend.Core\Ecommerce_Backend.Core.csproj", "{B3800993-1475-4A41-9E81-CCCC392AC7D3}"
EndProject
Project("{FAE04EC0-301F-11D3-BF4B-00C04F79EFBC}") = "Ecommerce_Backend.Infrastructure", "Ecommerce_Backend.Infrastructure\Ecommerce_Backend.Infrastructure.csproj", "{0AD3460E-9164-4567-99EC-BA3BD59F2005}"
EndProject
Global
	GlobalSection(SolutionConfigurationPlatforms) = preSolution
		Debug|Any CPU = Debug|Any CPU
		Release|Any CPU = Release|Any CPU
	EndGlobalSection
	GlobalSection(ProjectConfigurationPlatforms) = postSolution
		{126F86B1-A423-4C8C-81DD-E10CF869BB99}.Debug|Any CPU.ActiveCfg = Debug|Any CPU
		{126F86B1-A423-4C8C-81DD-E10CF869BB99}.Debug|Any CPU.Build.0 = Debug|Any CPU
		{126F86B1-A423-4C8C-81DD-E10CF869BB99}.Release|Any CPU.ActiveCfg = Release|Any CPU
		{126F86B1-A423-4C8C-81DD-E10CF869BB99}.Release|Any CPU.Build.0 = Release|Any CPU
		{B3800993-1475-4A41-9E81-CCCC392AC7D3}.Debug|Any CPU.ActiveCfg = Debug|Any CPU
		{B3800993-1475-4A41-9E81-CCCC392AC7D3}.Debug|Any CPU.Build.0 = Debug|Any CPU
		{B3800993-1475-4A41-9E81-CCCC392AC7D3}.Release|Any CPU.ActiveCfg = Release|Any CPU
		{B3800993-1475-4A41-9E81-CCCC392AC7D3}.Release|Any CPU.Build.0 = Release|Any CPU
		{0AD3460E-9164-4567-99EC-BA3BD59F2005}.Debug|Any CPU.ActiveCfg = Debug|Any CPU
		{0AD3460E-9164-4567-99EC-BA3BD59F2005}.Debug|Any CPU.Build.0 = Debug|Any CPU
		{0AD3460E-9164-4567-99EC-BA3BD59F2005}.Release|Any CPU.ActiveCfg = Release|Any CPU
		{0AD3460E-9164-4567-99EC-BA3BD59F2005}.Release|Any CPU.Build.0 = Release|Any CPU
	EndGlobalSection
	GlobalSection(SolutionProperties) = preSolution
		HideSolutionNode = FALSE
	EndGlobalSection
	GlobalSection(ExtensibilityGlobals) = postSolution
		SolutionGuid = {FEFD06FC-9012-40B5-8026-6C2AEEA5C493}
	EndGlobalSection
EndGlobal
